
Microsoft Visual Studio Solution File, Format Version 12.00
# Visual Studio Version 17
VisualStudioVersion = 17.8.34330.188
MinimumVisualStudioVersion = 10.0.40219.1
Project("{FAE04EC0-301F-11D3-BF4B-00C04F79EFBC}") = "InterestsCalculator", "InterestsCalculator\InterestsCalculator.csproj", "{FAA3CF8A-CA6E-415C-8662-1ABB5256791F}"
EndProject
Global
	GlobalSection(SolutionConfigurationPlatforms) = preSolution
		Debug|Any CPU = Debug|Any CPU
		Release|Any CPU = Release|Any CPU
	EndGlobalSection
	GlobalSection(ProjectConfigurationPlatforms) = postSolution
		{FAA3CF8A-CA6E-415C-8662-1ABB5256791F}.Debug|Any CPU.ActiveCfg = Debug|Any CPU
		{FAA3CF8A-CA6E-415C-8662-1ABB5256791F}.Debug|Any CPU.Build.0 = Debug|Any CPU
		{FAA3CF8A-CA6E-415C-8662-1ABB5256791F}.Release|Any CPU.ActiveCfg = Release|Any CPU
		{FAA3CF8A-CA6E-415C-8662-1ABB5256791F}.Release|Any CPU.Build.0 = Release|Any CPU
	EndGlobalSection
	GlobalSection(SolutionProperties) = preSolution
		HideSolutionNode = FALSE
	EndGlobalSection
	GlobalSection(ExtensibilityGlobals) = postSolution
		SolutionGuid = {BCFD62FC-2612-4878-80BE-F36E4DD7C99C}
	EndGlobalSection
EndGlobal
